PODS:
  - RxCocoa (4.1.2):
    - RxSwift (~> 4.0)
  - RxSwift (4.1.2)
  - STDevRxExt (0.1.1):
    - RxCocoa (~> 4.1.2)
    - RxSwift (~> 4.1.2)

DEPENDENCIES:
  - STDevRxExt (from `../`)

EXTERNAL SOURCES:
  STDevRxExt:
    :path: ../

SPEC CHECKSUMS:
  RxCocoa: d88ba0f1f6abf040011a9eb4b539324fc426843a
  RxSwift: e49536837d9901277638493ea537394d4b55f570
  STDevRxExt: db625d87a2f2f74ce2f9efb869b020e944781851

PODFILE CHECKSUM: 03f0d9ab6a3ddca86ac78ea53d2cfc1bef03c8f8

COCOAPODS: 1.3.1
