PODS:
  - RxCocoa (6.1.0):
    - RxRelay (= 6.1.0)
    - RxSwift (= 6.1.0)
  - RxRelay (6.1.0):
    - RxSwift (= 6.1.0)
  - RxSwift (6.1.0)
  - STDevRxExt (1.1.0):
    - RxCocoa (~> 6)
    - RxSwift (~> 6)

DEPENDENCIES:
  - STDevRxExt (from `../`)

SPEC REPOS:
  trunk:
    - RxCocoa
    - RxRelay
    - RxSwift

EXTERNAL SOURCES:
  STDevRxExt:
    :path: "../"

SPEC CHECKSUMS:
  RxCocoa: 5c51f02d562cbd94629f6c26cf0c80fe4ab8d343
  RxRelay: 483e1a19fad961b41f0b0c0bee506f46c1ae14fe
  RxSwift: a834e5c538e89eca0cae86f403f4fbf0336786ce
  STDevRxExt: fc33083a285fcca497728d17250436679015cdd5

PODFILE CHECKSUM: 83769abc0b7bdc83a928dcac34cf2b1154077760

COCOAPODS: 1.10.1
